{
  "version": 4,
  "terraform_version": "1.3.7",
  "serial": 747,
  "lineage": "963a4d1c-a333-d1ae-471f-6a9150bd6e3e",
  "outputs": {
    "ip": {
      "value": "192.168.122.158",
      "type": "string"
    }
  },
  "resources": [
    {
      "mode": "data",
      "type": "template_file",
      "name": "user_data",
      "provider": "provider[\"registry.terraform.io/hashicorp/template\"]",
      "instances": [
        {
          "schema_version": 0,
          "attributes": {
            "filename": null,
            "id": "4177e36db30f24a851f4eeb66ab9f26c8fabaa051d582b12298aab6d417d3ae4",
            "rendered": "#cloud-config\n# vim: syntax=yaml\n#\n\ninstance-id: mongodb\nlocal-hostname: mongodb\nuser: gastonhp1\npassword: Pass.123!\nchpasswd: {expire: false}\nssh_pwauth: True\nssh_authorized_keys:\n  - ssh-rsa AAAAB3NzaC1yc2EAAAADAQABAAABgQCWQfoK6MJgVX/YIzBEgeYyQPGEJu7fiy+Ez64YtOf0Jv/vMxDu4kw7zQOzgYWRs+LW/OtZaMZsAMLdrPcjyzDNdUyrEs0NUxNAuo6KjgcWWUXwKaAHLtrMjK/8zKgJYK1YpTHxuq/Q7X4Qa6/I+OEAAG+FE7/5ft/6E8V5odIZQZnuuP3s5MkBSSCWYm9MP5qv5RkSyxsh2y6KBe3q4jxK5vjmhREXGe+94sBP7aPhRWT6bNwwH5gpb14+7MsKyIio6lTaeioePj6qVVKtzgNwhp9/2qYzGIrLCrmSfPtYK88PRQlRrh0HLw1GiFOeF9e+AmGZAz6iB/Few+mKOxl0huzknNeCqctMbxBALCvSl0afKqQvqbOp1TlWdcLqFVe5dIg2hlG3YYpxi4Y1+IVTbKy0E/RuFGoqNvDg2zG76nJhpX+1P4ATOPxryMtN76zBNAQNjf1PQ+IWJresGtsXri10oTzywN5BUAXKpLfKEY/c7U7/Q+O5/vpo66Vkdvc= gastonhp1@PC-Gaston\n",
            "template": "#cloud-config\n# vim: syntax=yaml\n#\n\ninstance-id: mongodb\nlocal-hostname: mongodb\nuser: gastonhp1\npassword: Pass.123!\nchpasswd: {expire: false}\nssh_pwauth: True\nssh_authorized_keys:\n  - ssh-rsa AAAAB3NzaC1yc2EAAAADAQABAAABgQCWQfoK6MJgVX/YIzBEgeYyQPGEJu7fiy+Ez64YtOf0Jv/vMxDu4kw7zQOzgYWRs+LW/OtZaMZsAMLdrPcjyzDNdUyrEs0NUxNAuo6KjgcWWUXwKaAHLtrMjK/8zKgJYK1YpTHxuq/Q7X4Qa6/I+OEAAG+FE7/5ft/6E8V5odIZQZnuuP3s5MkBSSCWYm9MP5qv5RkSyxsh2y6KBe3q4jxK5vjmhREXGe+94sBP7aPhRWT6bNwwH5gpb14+7MsKyIio6lTaeioePj6qVVKtzgNwhp9/2qYzGIrLCrmSfPtYK88PRQlRrh0HLw1GiFOeF9e+AmGZAz6iB/Few+mKOxl0huzknNeCqctMbxBALCvSl0afKqQvqbOp1TlWdcLqFVe5dIg2hlG3YYpxi4Y1+IVTbKy0E/RuFGoqNvDg2zG76nJhpX+1P4ATOPxryMtN76zBNAQNjf1PQ+IWJresGtsXri10oTzywN5BUAXKpLfKEY/c7U7/Q+O5/vpo66Vkdvc= gastonhp1@PC-Gaston\n",
            "vars": null
          },
          "sensitive_attributes": []
        }
      ]
    },
    {
      "mode": "managed",
      "type": "libvirt_cloudinit_disk",
      "name": "mongodb-init",
      "provider": "provider[\"registry.terraform.io/dmacvicar/libvirt\"]",
      "instances": [
        {
          "schema_version": 0,
          "attributes": {
            "id": "/var/kvm/mongodb/mongodb-init.iso;aea7b023-6daf-4fc5-bc07-fed45b6cb930",
            "meta_data": "",
            "name": "mongodb-init.iso",
            "network_config": "",
            "pool": "mongodb",
            "user_data": "#cloud-config\n# vim: syntax=yaml\n#\n\ninstance-id: mongodb\nlocal-hostname: mongodb\nuser: gastonhp1\npassword: Pass.123!\nchpasswd: {expire: false}\nssh_pwauth: True\nssh_authorized_keys:\n  - ssh-rsa AAAAB3NzaC1yc2EAAAADAQABAAABgQCWQfoK6MJgVX/YIzBEgeYyQPGEJu7fiy+Ez64YtOf0Jv/vMxDu4kw7zQOzgYWRs+LW/OtZaMZsAMLdrPcjyzDNdUyrEs0NUxNAuo6KjgcWWUXwKaAHLtrMjK/8zKgJYK1YpTHxuq/Q7X4Qa6/I+OEAAG+FE7/5ft/6E8V5odIZQZnuuP3s5MkBSSCWYm9MP5qv5RkSyxsh2y6KBe3q4jxK5vjmhREXGe+94sBP7aPhRWT6bNwwH5gpb14+7MsKyIio6lTaeioePj6qVVKtzgNwhp9/2qYzGIrLCrmSfPtYK88PRQlRrh0HLw1GiFOeF9e+AmGZAz6iB/Few+mKOxl0huzknNeCqctMbxBALCvSl0afKqQvqbOp1TlWdcLqFVe5dIg2hlG3YYpxi4Y1+IVTbKy0E/RuFGoqNvDg2zG76nJhpX+1P4ATOPxryMtN76zBNAQNjf1PQ+IWJresGtsXri10oTzywN5BUAXKpLfKEY/c7U7/Q+O5/vpo66Vkdvc= gastonhp1@PC-Gaston\n"
          },
          "sensitive_attributes": [],
          "private": "bnVsbA==",
          "dependencies": [
            "data.template_file.user_data",
            "libvirt_pool.mongodb"
          ]
        }
      ]
    },
    {
      "mode": "managed",
      "type": "libvirt_domain",
      "name": "mongodb-vm",
      "provider": "provider[\"registry.terraform.io/dmacvicar/libvirt\"]",
      "instances": [
        {
          "schema_version": 0,
          "attributes": {
            "arch": "x86_64",
            "autostart": false,
            "boot_device": [],
            "cloudinit": "/var/kvm/mongodb/mongodb-init.iso;aea7b023-6daf-4fc5-bc07-fed45b6cb930",
            "cmdline": [],
            "console": [
              {
                "source_host": "127.0.0.1",
                "source_path": "",
                "source_service": "0",
                "target_port": "0",
                "target_type": "virtio",
                "type": "pty"
              }
            ],
            "coreos_ignition": null,
            "cpu": [
              {
                "mode": "custom"
              }
            ],
            "description": "",
            "disk": [
              {
                "block_device": "",
                "file": "",
                "scsi": false,
                "url": "",
                "volume_id": "/var/kvm/mongodb/mongodb-worker.qcow2",
                "wwn": ""
              }
            ],
            "emulator": "/usr/bin/qemu-system-x86_64",
            "filesystem": [],
            "firmware": null,
            "fw_cfg_name": "opt/com.coreos/config",
            "graphics": [
              {
                "autoport": true,
                "listen_address": "127.0.0.1",
                "listen_type": "address",
                "type": "spice",
                "websocket": 0
              }
            ],
            "id": "51ce1585-5430-4987-819d-9b366ebd5aa3",
            "initrd": "",
            "kernel": "",
            "machine": "ubuntu",
            "memory": 2048,
            "metadata": null,
            "name": "mongodb-vm",
            "network_interface": [
              {
                "addresses": [
                  "192.168.122.158"
                ],
                "bridge": "",
                "hostname": "mongodb-vm",
                "mac": "52:54:00:6A:6C:C3",
                "macvtap": "",
                "network_id": "5a0701dd-befd-4ece-9ceb-10768333e41a",
                "network_name": "default",
                "passthrough": "",
                "vepa": "",
                "wait_for_lease": true
              }
            ],
            "nvram": [],
            "qemu_agent": false,
            "running": true,
            "timeouts": null,
            "tpm": [],
            "vcpu": 2,
            "video": [],
            "xml": []
          },
          "sensitive_attributes": [],
          "private": "eyJlMmJmYjczMC1lY2FhLTExZTYtOGY4OC0zNDM2M2JjN2M0YzAiOnsiY3JlYXRlIjozMDAwMDAwMDAwMDB9fQ==",
          "dependencies": [
            "data.template_file.user_data",
            "libvirt_cloudinit_disk.mongodb-init",
            "libvirt_pool.mongodb",
            "libvirt_volume.mongodb-master-qcow2",
            "libvirt_volume.mongodb-worker-qcow2"
          ]
        }
      ]
    },
    {
      "mode": "managed",
      "type": "libvirt_pool",
      "name": "mongodb",
      "provider": "provider[\"registry.terraform.io/dmacvicar/libvirt\"]",
      "instances": [
        {
          "schema_version": 0,
          "attributes": {
            "allocation": 214399299584,
            "available": 256486895616,
            "capacity": 470886195200,
            "id": "323b7d80-c70d-4672-bc6a-881f1e5c6782",
            "name": "mongodb",
            "path": "/var/kvm/mongodb",
            "type": "dir",
            "xml": []
          },
          "sensitive_attributes": [],
          "private": "bnVsbA=="
        }
      ]
    },
    {
      "mode": "managed",
      "type": "libvirt_volume",
      "name": "mongodb-master-qcow2",
      "provider": "provider[\"registry.terraform.io/dmacvicar/libvirt\"]",
      "instances": [
        {
          "schema_version": 0,
          "attributes": {
            "base_volume_id": null,
            "base_volume_name": null,
            "base_volume_pool": null,
            "format": "qcow2",
            "id": "/var/kvm/mongodb/mongodb-master.qcow2",
            "name": "mongodb-master.qcow2",
            "pool": "mongodb",
            "size": 2361393152,
            "source": "https://cloud-images.ubuntu.com/focal/current/focal-server-cloudimg-amd64.img",
            "xml": []
          },
          "sensitive_attributes": [],
          "private": "bnVsbA==",
          "dependencies": [
            "libvirt_pool.mongodb"
          ]
        }
      ]
    },
    {
      "mode": "managed",
      "type": "libvirt_volume",
      "name": "mongodb-worker-qcow2",
      "provider": "provider[\"registry.terraform.io/dmacvicar/libvirt\"]",
      "instances": [
        {
          "schema_version": 0,
          "attributes": {
            "base_volume_id": "/var/kvm/mongodb/mongodb-master.qcow2",
            "base_volume_name": null,
            "base_volume_pool": null,
            "format": "qcow2",
            "id": "/var/kvm/mongodb/mongodb-worker.qcow2",
            "name": "mongodb-worker.qcow2",
            "pool": "mongodb",
            "size": 10737418240,
            "source": null,
            "xml": []
          },
          "sensitive_attributes": [],
          "private": "bnVsbA==",
          "dependencies": [
            "libvirt_pool.mongodb",
            "libvirt_volume.mongodb-master-qcow2"
          ]
        }
      ]
    },
    {
      "mode": "managed",
      "type": "null_resource",
      "name": "run_ansible",
      "provider": "provider[\"registry.terraform.io/hashicorp/null\"]",
      "instances": [
        {
          "status": "tainted",
          "schema_version": 0,
          "attributes": {
            "id": "4441967926825105141",
            "triggers": null
          },
          "sensitive_attributes": [],
          "dependencies": [
            "libvirt_domain.mongodb-vm"
          ]
        }
      ]
    }
  ],
  "check_results": null
}
